
Microsoft Visual Studio Solution File, Format Version 9.00
# Visual Studio 2005 Tools for Applications
Project("{FAE04EC0-301F-11D3-BF4B-00C04F79EFBC}") = "Macro3", "SwMacro\Macro3.csproj", "{48E5F61A-B09A-48AD-9494-9929059C386F}"
EndProject
Global
	GlobalSection(SolutionConfigurationPlatforms) = preSolution
		Debug|Any CPU = Debug|Any CPU
		Release|Any CPU = Release|Any CPU
	EndGlobalSection
	GlobalSection(ProjectConfigurationPlatforms) = postSolution
		{48E5F61A-B09A-48AD-9494-9929059C386F}.Debug|Any CPU.ActiveCfg = Debug|Any CPU
		{48E5F61A-B09A-48AD-9494-9929059C386F}.Debug|Any CPU.Build.0 = Debug|Any CPU
		{48E5F61A-B09A-48AD-9494-9929059C386F}.Release|Any CPU.ActiveCfg = Release|Any CPU
		{48E5F61A-B09A-48AD-9494-9929059C386F}.Release|Any CPU.Build.0 = Release|Any CPU
	EndGlobalSection
	GlobalSection(SolutionProperties) = preSolution
		HideSolutionNode = FALSE
	EndGlobalSection
EndGlobal
